
Microsoft Visual Studio Solution File, Format Version 12.00
# Visual Studio 15
VisualStudioVersion = 15.0.28010.2050
MinimumVisualStudioVersion = 10.0.40219.1
Project("{FAE04EC0-301F-11D3-BF4B-00C04F79EFBC}") = "Unit2A3Mesinovic", "Unit2A3Mesinovic\Unit2A3Mesinovic.csproj", "{3DD34ABD-91D3-46FB-B79B-BC5871FC795E}"
EndProject
Project("{FAE04EC0-301F-11D3-BF4B-00C04F79EFBC}") = "Unit2A3Mesinovic.Tests", "Unit2A3Mesinovic.Tests\Unit2A3Mesinovic.Tests.csproj", "{B3924C26-3EA2-4AE7-AB24-71BC4CAC47AD}"
EndProject
Project("{FAE04EC0-301F-11D3-BF4B-00C04F79EFBC}") = "Unit2A3.Shared", "Unit2A3.Shared\Unit2A3.Shared.csproj", "{84F41BC1-9826-41A2-A980-50A4918CE30B}"
EndProject
Global
	GlobalSection(SolutionConfigurationPlatforms) = preSolution
		Debug|Any CPU = Debug|Any CPU
		Release|Any CPU = Release|Any CPU
	EndGlobalSection
	GlobalSection(ProjectConfigurationPlatforms) = postSolution
		{3DD34ABD-91D3-46FB-B79B-BC5871FC795E}.Debug|Any CPU.ActiveCfg = Debug|Any CPU
		{3DD34ABD-91D3-46FB-B79B-BC5871FC795E}.Debug|Any CPU.Build.0 = Debug|Any CPU
		{3DD34ABD-91D3-46FB-B79B-BC5871FC795E}.Release|Any CPU.ActiveCfg = Release|Any CPU
		{3DD34ABD-91D3-46FB-B79B-BC5871FC795E}.Release|Any CPU.Build.0 = Release|Any CPU
		{B3924C26-3EA2-4AE7-AB24-71BC4CAC47AD}.Debug|Any CPU.ActiveCfg = Debug|Any CPU
		{B3924C26-3EA2-4AE7-AB24-71BC4CAC47AD}.Debug|Any CPU.Build.0 = Debug|Any CPU
		{B3924C26-3EA2-4AE7-AB24-71BC4CAC47AD}.Release|Any CPU.ActiveCfg = Release|Any CPU
		{B3924C26-3EA2-4AE7-AB24-71BC4CAC47AD}.Release|Any CPU.Build.0 = Release|Any CPU
		{84F41BC1-9826-41A2-A980-50A4918CE30B}.Debug|Any CPU.ActiveCfg = Debug|Any CPU
		{84F41BC1-9826-41A2-A980-50A4918CE30B}.Debug|Any CPU.Build.0 = Debug|Any CPU
		{84F41BC1-9826-41A2-A980-50A4918CE30B}.Release|Any CPU.ActiveCfg = Release|Any CPU
		{84F41BC1-9826-41A2-A980-50A4918CE30B}.Release|Any CPU.Build.0 = Release|Any CPU
	EndGlobalSection
	GlobalSection(SolutionProperties) = preSolution
		HideSolutionNode = FALSE
	EndGlobalSection
	GlobalSection(ExtensibilityGlobals) = postSolution
		SolutionGuid = {0522CE3A-FD5A-4F80-B9E5-44CB179BB369}
	EndGlobalSection
EndGlobal
